// !$*UTF8*$!
{
	archiveVersion = 1;
	classes = {
	};
	objectVersion = 46;
	objects = {
/* Begin PBXBuildFile section */
		0207DA581B56EA530066E2B4 /* Images.xcassets in Resources */ = {isa = PBXBuildFile; fileRef = 0207DA571B56EA530066E2B4 /* Images.xcassets */; };
		1D3623260D0F684500981E51 /* AppDelegate.m in Sources */ = {isa = PBXBuildFile; fileRef = 1D3623250D0F684500981E51 /* AppDelegate.m */; };
		1D60589B0D05DD56006BFB54 /* main.m in Sources */ = {isa = PBXBuildFile; fileRef = 29B97316FDCFA39411CA2CEA /* main.m */; };
		301BF552109A68D80062928A /* libCordova.a in Frameworks */ = {isa = PBXBuildFile; fileRef = 301BF535109A57CC0062928A /* libCordova.a */; };
		302D95F114D2391D003F00A1 /* MainViewController.m in Sources */ = {isa = PBXBuildFile; fileRef = 302D95EF14D2391D003F00A1 /* MainViewController.m */; };
		302D95F214D2391D003F00A1 /* MainViewController.xib in Resources */ = {isa = PBXBuildFile; fileRef = 302D95F014D2391D003F00A1 /* MainViewController.xib */; };
		3047A5121AB8059700498E2A /* build-debug.xcconfig in Resources */ = {isa = PBXBuildFile; fileRef = 3047A50F1AB8059700498E2A /* build-debug.xcconfig */; };
		3047A5131AB8059700498E2A /* build-release.xcconfig in Resources */ = {isa = PBXBuildFile; fileRef = 3047A5101AB8059700498E2A /* build-release.xcconfig */; };
		3047A5141AB8059700498E2A /* build.xcconfig in Resources */ = {isa = PBXBuildFile; fileRef = 3047A5111AB8059700498E2A /* build.xcconfig */; };
		9C688FB1DA1F492598370FA9 /* CDVBattery.m in Sources */ = {isa = PBXBuildFile; fileRef = 3F3D0F7E42EE4BAAB254D272 /* CDVBattery.m */; };
		E16F14728D8B45BDA3D02146 /* UIImage+CropScaleOrientation.m in Sources */ = {isa = PBXBuildFile; fileRef = ABB29A7B6B494E2C8032CB79 /* UIImage+CropScaleOrientation.m */; };
		698875A43B134731AE41F375 /* CDVCamera.m in Sources */ = {isa = PBXBuildFile; fileRef = 4184D03C5F4243A2A33E3430 /* CDVCamera.m */; };
		DCD95C46735147A3BE880513 /* CDVJpegHeaderWriter.m in Sources */ = {isa = PBXBuildFile; fileRef = 93C440BC78ED444C8EDBA2BC /* CDVJpegHeaderWriter.m */; };
		36901015FB5D41D094CF8B78 /* ImageIO.framework in Frameworks */ = {isa = PBXBuildFile; fileRef = 0B68715CC1E14CC2BF06E11E /* ImageIO.framework */; settings = {ATTRIBUTES = (Weak, ); }; };
		164E94D6AE4C4945A598C22A /* CoreLocation.framework in Frameworks */ = {isa = PBXBuildFile; fileRef = 559F09B2AA174496A066FAE2 /* CoreLocation.framework */; };
		85CFAA4177A74664B0ABBC5A /* AVFoundation.framework in Frameworks */ = {isa = PBXBuildFile; fileRef = FE500E9BDD0644B691CE1A4A /* AVFoundation.framework */; };
		673FC80438C74E8DB6918343 /* CDVLogger.m in Sources */ = {isa = PBXBuildFile; fileRef = 2F23EA3138DB462FAB4B7141 /* CDVLogger.m */; };
		8D5823DACA514BCF9C0EB886 /* CDVContacts.m in Sources */ = {isa = PBXBuildFile; fileRef = F74B8544719540C28DBA9F79 /* CDVContacts.m */; };
		F0A5848AAB104CE7B9E87F5A /* CDVContact.m in Sources */ = {isa = PBXBuildFile; fileRef = A8431E08E216465E9DC178BA /* CDVContact.m */; };
		7E7A47B716374BC5BFCF3C30 /* AddressBook.framework in Frameworks */ = {isa = PBXBuildFile; fileRef = 6F89AECBB9ED4DBA8AA29EEE /* AddressBook.framework */; settings = {ATTRIBUTES = (Weak, ); }; };
		52BDE58DEABF478C8EAA4D71 /* AddressBookUI.framework in Frameworks */ = {isa = PBXBuildFile; fileRef = C232763155914A07AAA656B0 /* AddressBookUI.framework */; settings = {ATTRIBUTES = (Weak, ); }; };
		D826AF3B36DB4AFFB2AE42EF /* CDVDevice.m in Sources */ = {isa = PBXBuildFile; fileRef = 79CC77956BFF48519862FA64 /* CDVDevice.m */; };
		DEE39F2084F54913ABD6F12E /* CDVAccelerometer.m in Sources */ = {isa = PBXBuildFile; fileRef = 8986D7F1A45D4F8F847F71C0 /* CDVAccelerometer.m */; };
		FECF19C0BAF94EB9B732B259 /* CoreMotion.framework in Frameworks */ = {isa = PBXBuildFile; fileRef = 881FBC8693294B03B9909F64 /* CoreMotion.framework */; };
		192B058754C3440AB7814278 /* CDVCompass.m in Sources */ = {isa = PBXBuildFile; fileRef = DB227A271CB84EADB46A4FDE /* CDVCompass.m */; };
		9E09A339219A4328BDAAE276 /* CDVNotification.m in Sources */ = {isa = PBXBuildFile; fileRef = DAD73A448A784BB19677A868 /* CDVNotification.m */; };
		8660F648FAC0402CA62EF8C1 /* CDVNotification.bundle in Resources */ = {isa = PBXBuildFile; fileRef = 9A7EC0FE15EA4BBD93F02105 /* CDVNotification.bundle */; };
		65252F5379EF46F7A1AE18E0 /* AudioToolbox.framework in Frameworks */ = {isa = PBXBuildFile; fileRef = FA15BE26AE894C139A9FEE08 /* AudioToolbox.framework */; settings = {ATTRIBUTES = (Weak, ); }; };
		8BB83ED854CA4764A8123ECD /* CDVFile.m in Sources */ = {isa = PBXBuildFile; fileRef = FD5042F7DB9D4A25A5121389 /* CDVFile.m */; };
		708F4B1B0F7F4D3E83204CCC /* CDVLocalFilesystem.m in Sources */ = {isa = PBXBuildFile; fileRef = 44F00D418FBF4B1BAE882E29 /* CDVLocalFilesystem.m */; };
		F049FA03EDAF4DE583DC429D /* CDVAssetLibraryFilesystem.m in Sources */ = {isa = PBXBuildFile; fileRef = 710DC7B54A774670AE690D7C /* CDVAssetLibraryFilesystem.m */; };
		DDF12132F0BD46F0BBED6020 /* CDVFileTransfer.m in Sources */ = {isa = PBXBuildFile; fileRef = BBAC6B737F414F1BAB1C6017 /* CDVFileTransfer.m */; };
		7DF15CE7E22E40EE894F124B /* CDVLocation.m in Sources */ = {isa = PBXBuildFile; fileRef = 526566AE9CE34ED6974C83B9 /* CDVLocation.m */; };
		3DDE5C352BA144DE916DD88F /* CDVGlobalization.m in Sources */ = {isa = PBXBuildFile; fileRef = ED45E00A37A34DB1BFBAAB1F /* CDVGlobalization.m */; };
		827A43A0CB144D018FC22E41 /* CDVInAppBrowser.m in Sources */ = {isa = PBXBuildFile; fileRef = 6CCE497587BC40EAB3B54497 /* CDVInAppBrowser.m */; };
		DC0319D57DDC4144BEC95F9A /* CDVSound.m in Sources */ = {isa = PBXBuildFile; fileRef = 9164E43A92C44E9AB3819E1E /* CDVSound.m */; };
		CCF4699A2582454085A458EC /* CDVCapture.m in Sources */ = {isa = PBXBuildFile; fileRef = 26EEF0FEA5054576A2E9F68A /* CDVCapture.m */; };
		00AA04B129284E8EA0330D61 /* CDVCapture.bundle in Resources */ = {isa = PBXBuildFile; fileRef = C275FE13DDE341BD98BFE895 /* CDVCapture.bundle */; };
		E9D0C093F62847478E538CCD /* CDVConnection.m in Sources */ = {isa = PBXBuildFile; fileRef = 66A5D7AF5BF34EF190473E73 /* CDVConnection.m */; };
		873510F736F94A7EB00DF275 /* CDVReachability.m in Sources */ = {isa = PBXBuildFile; fileRef = CA000358AF754CC58461B8AC /* CDVReachability.m */; };
		9094A2FE992D485EA3CE2003 /* SystemConfiguration.framework in Frameworks */ = {isa = PBXBuildFile; fileRef = C02BF3C13ADE42BAB75D1406 /* SystemConfiguration.framework */; settings = {ATTRIBUTES = (Weak, ); }; };
		382EA532AADB4CD99DA2244C /* CoreTelephony.framework in Frameworks */ = {isa = PBXBuildFile; fileRef = F6BB9537689B4E3187F28E64 /* CoreTelephony.framework */; };
		D775F0605BFD45A1895E3043 /* CDVSplashScreen.m in Sources */ = {isa = PBXBuildFile; fileRef = 734433B14CCF428595F912C6 /* CDVSplashScreen.m */; };
		0483ECF575244E749A39AB36 /* CDVViewController+SplashScreen.m in Sources */ = {isa = PBXBuildFile; fileRef = CC536815C21C4238B4F3CD80 /* CDVViewController+SplashScreen.m */; };
		1137BF32456F4C9BABE7B31B /* CDVStatusBar.m in Sources */ = {isa = PBXBuildFile; fileRef = 562F02CD6F7D494FB3A38F52 /* CDVStatusBar.m */; };
		99A3E10764F94F51AAAF7CDF /* CDVVibration.m in Sources */ = {isa = PBXBuildFile; fileRef = B3F3BA720B1945E287B4D29A /* CDVVibration.m */; };
		C518BB5E3B2347BDA367EC59 /* OneSignalPush.h in Resources */ = {isa = PBXBuildFile; fileRef = 56E42A21730C473A9EB49FE4 /* OneSignalPush.h */; };
		B3710667BCD54AE68AF289AC /* OneSignalSelectorHelpers.h in Resources */ = {isa = PBXBuildFile; fileRef = 8EA537B192964F1F9E84C68D /* OneSignalSelectorHelpers.h */; };
		4B43EC1718D14737BDA36BC1 /* UNUserNotificationCenter+OneSignal.h in Resources */ = {isa = PBXBuildFile; fileRef = 6386B0E177634FE5B9E5C2BC /* UNUserNotificationCenter+OneSignal.h */; };
		913D1AE2455A47C6B51DECC8 /* UIApplicationDelegate+OneSignal.h in Resources */ = {isa = PBXBuildFile; fileRef = D1165AE0B7AB46EE966C7FF2 /* UIApplicationDelegate+OneSignal.h */; };
		A53090D61629453B97DDDD1B /* OneSignal.m in Sources */ = {isa = PBXBuildFile; fileRef = 52AF365F55634E59B9A82CF7 /* OneSignal.m */; };
		4EEAB89C0ACE490C98AF5C09 /* OneSignalHTTPClient.m in Sources */ = {isa = PBXBuildFile; fileRef = B79413DA9E1A4E37BEB3B02D /* OneSignalHTTPClient.m */; };
		180203EAA8AB45669285CED4 /* OneSignalTrackIAP.m in Sources */ = {isa = PBXBuildFile; fileRef = 8034F08EB1FD4FE5895BC54E /* OneSignalTrackIAP.m */; };
		D59E105D8EFF4352A9354231 /* OneSignalJailbreakDetection.m in Sources */ = {isa = PBXBuildFile; fileRef = 1A973A1EDB2048F18CD3FBBF /* OneSignalJailbreakDetection.m */; };
		73EC15DBDEBC49138D1B3DCD /* OneSignalReachability.m in Sources */ = {isa = PBXBuildFile; fileRef = 5113E507415947BFBB11DC05 /* OneSignalReachability.m */; };
		0441EE5E953F4AE9A845D8CA /* OneSignalMobileProvision.m in Sources */ = {isa = PBXBuildFile; fileRef = E99EEC404ECD480485E8F8AA /* OneSignalMobileProvision.m */; };
		EBBD09F242F74E37BB60FBD0 /* OneSignalLocation.m in Sources */ = {isa = PBXBuildFile; fileRef = B6CFC3D9EF434F83A43C29E7 /* OneSignalLocation.m */; };
		847EB55C32954A94B43A5FDA /* OneSignalAlertViewDelegate.m in Sources */ = {isa = PBXBuildFile; fileRef = C1AF481B4EA24E1EA3951C3F /* OneSignalAlertViewDelegate.m */; };
		4D10D17B23964BE8883BB2A1 /* OneSignalTracker.m in Sources */ = {isa = PBXBuildFile; fileRef = 215902CCFA5E4E69B9020DF4 /* OneSignalTracker.m */; };
		FCA3C71ACD3048CD9B8AF83F /* OneSignalHelper.m in Sources */ = {isa = PBXBuildFile; fileRef = B3E2F3710B5A4CE2A4BF9E08 /* OneSignalHelper.m */; };
		75B0A07C03A6422C87997FBC /* OneSignalWebView.m in Sources */ = {isa = PBXBuildFile; fileRef = 1127AD37B15B4E11806AE192 /* OneSignalWebView.m */; };
		52BFB0D9515246E59ED547D9 /* OneSignalPush.m in Sources */ = {isa = PBXBuildFile; fileRef = 8A8FA025C3EB4E93ACE36F65 /* OneSignalPush.m */; };
		CC3967221BD3448EBE8C1AB9 /* OneSignalSelectorHelpers.m in Sources */ = {isa = PBXBuildFile; fileRef = 1252427AFF6E41669B1E965D /* OneSignalSelectorHelpers.m */; };
		5206E98E2C0B44C08F470AFF /* UNUserNotificationCenter+OneSignal.m in Sources */ = {isa = PBXBuildFile; fileRef = EA00CD9A773F4CFDACADB364 /* UNUserNotificationCenter+OneSignal.m */; };
		F02467F3790743B092554841 /* UIApplicationDelegate+OneSignal.m in Sources */ = {isa = PBXBuildFile; fileRef = B13AF819F33A4778BF83E2FD /* UIApplicationDelegate+OneSignal.m */; };
		54C0C664B55C47469BB8D499 /* Canvas2ImagePlugin.m in Sources */ = {isa = PBXBuildFile; fileRef = CA65356C1A7A4469A67DC0A5 /* Canvas2ImagePlugin.m */; settings = {COMPILER_FLAGS = "-fno-objc-arc"; }; };
/* End PBXBuildFile section */

/* Begin PBXContainerItemProxy section */
		301BF534109A57CC0062928A /* PBXContainerItemProxy */ = {
			isa = PBXContainerItemProxy;
			containerPortal = 301BF52D109A57CC0062928A /* CordovaLib.xcodeproj */;
			proxyType = 2;
			remoteGlobalIDString = D2AAC07E0554694100DB518D;
			remoteInfo = CordovaLib;
		};
		301BF550109A68C00062928A /* PBXContainerItemProxy */ = {
			isa = PBXContainerItemProxy;
			containerPortal = 301BF52D109A57CC0062928A /* CordovaLib.xcodeproj */;
			proxyType = 1;
			remoteGlobalIDString = D2AAC07D0554694100DB518D;
			remoteInfo = CordovaLib;
		};
/* End PBXContainerItemProxy section */

/* Begin PBXFileReference section */
		0207DA571B56EA530066E2B4 /* Images.xcassets */ = {isa = PBXFileReference; lastKnownFileType = folder.assetcatalog; name = Images.xcassets; path = "Minha Loja/Images.xcassets"; sourceTree = SOURCE_ROOT; };
		1D3623240D0F684500981E51 /* AppDelegate.h */ = {isa = PBXFileReference; fileEncoding = 4; lastKnownFileType = sourcecode.c.h; path = AppDelegate.h; sourceTree = "<group>"; };
		1D3623250D0F684500981E51 /* AppDelegate.m */ = {isa = PBXFileReference; fileEncoding = 4; lastKnownFileType = sourcecode.c.objc; path = AppDelegate.m; sourceTree = "<group>"; };
		1D6058910D05DD3D006BFB54 /* Minha Loja.app */ = {isa = PBXFileReference; explicitFileType = wrapper.application; includeInIndex = 0; path = "Minha Loja.app"; sourceTree = BUILT_PRODUCTS_DIR; };
		29B97316FDCFA39411CA2CEA /* main.m */ = {isa = PBXFileReference; fileEncoding = 4; lastKnownFileType = sourcecode.c.objc; path = main.m; sourceTree = "<group>"; };
		301BF52D109A57CC0062928A /* CordovaLib.xcodeproj */ = {isa = PBXFileReference; lastKnownFileType = "wrapper.pb-project"; name = CordovaLib.xcodeproj; path = CordovaLib/CordovaLib.xcodeproj; sourceTree = "<group>"; };
		301BF56E109A69640062928A /* www */ = {isa = PBXFileReference; lastKnownFileType = folder; path = www; sourceTree = SOURCE_ROOT; };
		302D95EE14D2391D003F00A1 /* MainViewController.h */ = {isa = PBXFileReference; fileEncoding = 4; lastKnownFileType = sourcecode.c.h; path = MainViewController.h; sourceTree = "<group>"; };
		302D95EF14D2391D003F00A1 /* MainViewController.m */ = {isa = PBXFileReference; fileEncoding = 4; lastKnownFileType = sourcecode.c.objc; path = MainViewController.m; sourceTree = "<group>"; };
		302D95F014D2391D003F00A1 /* MainViewController.xib */ = {isa = PBXFileReference; fileEncoding = 4; lastKnownFileType = file.xib; path = MainViewController.xib; sourceTree = "<group>"; };
		3047A50F1AB8059700498E2A /* build-debug.xcconfig */ = {isa = PBXFileReference; fileEncoding = 4; lastKnownFileType = text.xcconfig; name = "build-debug.xcconfig"; path = cordova/build-debug.xcconfig; sourceTree = SOURCE_ROOT; };
		3047A5101AB8059700498E2A /* build-release.xcconfig */ = {isa = PBXFileReference; fileEncoding = 4; lastKnownFileType = text.xcconfig; name = "build-release.xcconfig"; path = cordova/build-release.xcconfig; sourceTree = SOURCE_ROOT; };
		3047A5111AB8059700498E2A /* build.xcconfig */ = {isa = PBXFileReference; fileEncoding = 4; lastKnownFileType = text.xcconfig; name = build.xcconfig; path = cordova/build.xcconfig; sourceTree = SOURCE_ROOT; };
		32CA4F630368D1EE00C91783 /* Minha Loja-Prefix.pch */ = {isa = PBXFileReference; fileEncoding = 4; lastKnownFileType = sourcecode.c.h; path = "Minha Loja-Prefix.pch"; sourceTree = "<group>"; };
		8D1107310486CEB800E47090 /* Minha Loja-Info.plist */ = {isa = PBXFileReference; fileEncoding = 4; lastKnownFileType = text.plist.xml; name = "Minha Loja-Info.plist"; path = "Minha Loja/Minha Loja-Info.plist"; plistStructureDefinitionIdentifier = "com.apple.xcode.plist.structure-definition.iphone.info-plist"; sourceTree = SOURCE_ROOT; };
		EB87FDF31871DA8E0020F90C /* www */ = {isa = PBXFileReference; lastKnownFileType = folder; name = www; path = ../../www; sourceTree = "<group>"; };
		EB87FDF41871DAF40020F90C /* config.xml */ = {isa = PBXFileReference; lastKnownFileType = text.xml; name = config.xml; path = ../../config.xml; sourceTree = "<group>"; };
		F840E1F0165FE0F500CFE078 /* config.xml */ = {isa = PBXFileReference; lastKnownFileType = text.xml; name = config.xml; path = "Minha Loja/config.xml"; sourceTree = "<group>"; };
		ED33DF2A687741AEAF9F8254 /* Bridging-Header.h */ = {isa = PBXFileReference; fileEncoding = 4; lastKnownFileType = sourcecode.c.h; name = "Bridging-Header.h"; path = "Bridging-Header.h"; sourceTree = "<group>"; };
		3F3D0F7E42EE4BAAB254D272 /* CDVBattery.m */ = {isa = PBXFileReference; name = "CDVBattery.m"; path = "cordova-plugin-battery-status/CDVBattery.m"; sourceTree = "<group>"; fileEncoding = 4; lastKnownFileType = sourcecode.c.objc; explicitFileType = undefined; includeInIndex = 0; };
		22912B45F5454A1E804EB108 /* CDVBattery.h */ = {isa = PBXFileReference; name = "CDVBattery.h"; path = "cordova-plugin-battery-status/CDVBattery.h"; sourceTree = "<group>"; fileEncoding = 4; lastKnownFileType = sourcecode.c.h; explicitFileType = undefined; includeInIndex = 0; };
		ABB29A7B6B494E2C8032CB79 /* UIImage+CropScaleOrientation.m */ = {isa = PBXFileReference; name = "UIImage+CropScaleOrientation.m"; path = "cordova-plugin-camera/UIImage+CropScaleOrientation.m"; sourceTree = "<group>"; fileEncoding = 4; lastKnownFileType = sourcecode.c.objc; explicitFileType = undefined; includeInIndex = 0; };
		4184D03C5F4243A2A33E3430 /* CDVCamera.m */ = {isa = PBXFileReference; name = "CDVCamera.m"; path = "cordova-plugin-camera/CDVCamera.m"; sourceTree = "<group>"; fileEncoding = 4; lastKnownFileType = sourcecode.c.objc; explicitFileType = undefined; includeInIndex = 0; };
		93C440BC78ED444C8EDBA2BC /* CDVJpegHeaderWriter.m */ = {isa = PBXFileReference; name = "CDVJpegHeaderWriter.m"; path = "cordova-plugin-camera/CDVJpegHeaderWriter.m"; sourceTree = "<group>"; fileEncoding = 4; lastKnownFileType = sourcecode.c.objc; explicitFileType = undefined; includeInIndex = 0; };
		03E80CBE4C8B4C639D7AE048 /* UIImage+CropScaleOrientation.h */ = {isa = PBXFileReference; name = "UIImage+CropScaleOrientation.h"; path = "cordova-plugin-camera/UIImage+CropScaleOrientation.h"; sourceTree = "<group>"; fileEncoding = 4; lastKnownFileType = sourcecode.c.h; explicitFileType = undefined; includeInIndex = 0; };
		DDE84B5F6BF54D2CBA8E6BFF /* CDVCamera.h */ = {isa = PBXFileReference; name = "CDVCamera.h"; path = "cordova-plugin-camera/CDVCamera.h"; sourceTree = "<group>"; fileEncoding = 4; lastKnownFileType = sourcecode.c.h; explicitFileType = undefined; includeInIndex = 0; };
		9D1D36AAA87242CF94399303 /* CDVJpegHeaderWriter.h */ = {isa = PBXFileReference; name = "CDVJpegHeaderWriter.h"; path = "cordova-plugin-camera/CDVJpegHeaderWriter.h"; sourceTree = "<group>"; fileEncoding = 4; lastKnownFileType = sourcecode.c.h; explicitFileType = undefined; includeInIndex = 0; };
		FAD60AEDD02B41D7A9D6518B /* CDVExif.h */ = {isa = PBXFileReference; name = "CDVExif.h"; path = "cordova-plugin-camera/CDVExif.h"; sourceTree = "<group>"; fileEncoding = 4; lastKnownFileType = sourcecode.c.h; explicitFileType = undefined; includeInIndex = 0; };
		0B68715CC1E14CC2BF06E11E /* ImageIO.framework */ = {isa = PBXFileReference; name = "ImageIO.framework"; path = "System/Library/Frameworks/ImageIO.framework"; sourceTree = SDKROOT; fileEncoding = undefined; lastKnownFileType = wrapper.framework; explicitFileType = undefined; includeInIndex = 0; };
		559F09B2AA174496A066FAE2 /* CoreLocation.framework */ = {isa = PBXFileReference; name = "CoreLocation.framework"; path = "System/Library/Frameworks/CoreLocation.framework"; sourceTree = SDKROOT; fileEncoding = undefined; lastKnownFileType = wrapper.framework; explicitFileType = undefined; includeInIndex = 0; };
		FE500E9BDD0644B691CE1A4A /* AVFoundation.framework */ = {isa = PBXFileReference; name = "AVFoundation.framework"; path = "System/Library/Frameworks/AVFoundation.framework"; sourceTree = SDKROOT; fileEncoding = undefined; lastKnownFileType = wrapper.framework; explicitFileType = undefined; includeInIndex = 0; };
		2F23EA3138DB462FAB4B7141 /* CDVLogger.m */ = {isa = PBXFileReference; name = "CDVLogger.m"; path = "cordova-plugin-console/CDVLogger.m"; sourceTree = "<group>"; fileEncoding = 4; lastKnownFileType = sourcecode.c.objc; explicitFileType = undefined; includeInIndex = 0; };
		FA5D0C7402A94E0AA05BC28D /* CDVLogger.h */ = {isa = PBXFileReference; name = "CDVLogger.h"; path = "cordova-plugin-console/CDVLogger.h"; sourceTree = "<group>"; fileEncoding = 4; lastKnownFileType = sourcecode.c.h; explicitFileType = undefined; includeInIndex = 0; };
		F74B8544719540C28DBA9F79 /* CDVContacts.m */ = {isa = PBXFileReference; name = "CDVContacts.m"; path = "cordova-plugin-contacts/CDVContacts.m"; sourceTree = "<group>"; fileEncoding = 4; lastKnownFileType = sourcecode.c.objc; explicitFileType = undefined; includeInIndex = 0; };
		A8431E08E216465E9DC178BA /* CDVContact.m */ = {isa = PBXFileReference; name = "CDVContact.m"; path = "cordova-plugin-contacts/CDVContact.m"; sourceTree = "<group>"; fileEncoding = 4; lastKnownFileType = sourcecode.c.objc; explicitFileType = undefined; includeInIndex = 0; };
		0C2097F862AE4CA7A359CC78 /* CDVContacts.h */ = {isa = PBXFileReference; name = "CDVContacts.h"; path = "cordova-plugin-contacts/CDVContacts.h"; sourceTree = "<group>"; fileEncoding = 4; lastKnownFileType = sourcecode.c.h; explicitFileType = undefined; includeInIndex = 0; };
		BA14CE90E3AC42E2A38691A1 /* CDVContact.h */ = {isa = PBXFileReference; name = "CDVContact.h"; path = "cordova-plugin-contacts/CDVContact.h"; sourceTree = "<group>"; fileEncoding = 4; lastKnownFileType = sourcecode.c.h; explicitFileType = undefined; includeInIndex = 0; };
		6F89AECBB9ED4DBA8AA29EEE /* AddressBook.framework */ = {isa = PBXFileReference; name = "AddressBook.framework"; path = "System/Library/Frameworks/AddressBook.framework"; sourceTree = SDKROOT; fileEncoding = undefined; lastKnownFileType = wrapper.framework; explicitFileType = undefined; includeInIndex = 0; };
		C232763155914A07AAA656B0 /* AddressBookUI.framework */ = {isa = PBXFileReference; name = "AddressBookUI.framework"; path = "System/Library/Frameworks/AddressBookUI.framework"; sourceTree = SDKROOT; fileEncoding = undefined; lastKnownFileType = wrapper.framework; explicitFileType = undefined; includeInIndex = 0; };
		79CC77956BFF48519862FA64 /* CDVDevice.m */ = {isa = PBXFileReference; name = "CDVDevice.m"; path = "cordova-plugin-device/CDVDevice.m"; sourceTree = "<group>"; fileEncoding = 4; lastKnownFileType = sourcecode.c.objc; explicitFileType = undefined; includeInIndex = 0; };
		821D8F53A59F4877A30CED2C /* CDVDevice.h */ = {isa = PBXFileReference; name = "CDVDevice.h"; path = "cordova-plugin-device/CDVDevice.h"; sourceTree = "<group>"; fileEncoding = 4; lastKnownFileType = sourcecode.c.h; explicitFileType = undefined; includeInIndex = 0; };
		8986D7F1A45D4F8F847F71C0 /* CDVAccelerometer.m */ = {isa = PBXFileReference; name = "CDVAccelerometer.m"; path = "cordova-plugin-device-motion/CDVAccelerometer.m"; sourceTree = "<group>"; fileEncoding = 4; lastKnownFileType = sourcecode.c.objc; explicitFileType = undefined; includeInIndex = 0; };
		338E3DA5B1D941B89C212C65 /* CDVAccelerometer.h */ = {isa = PBXFileReference; name = "CDVAccelerometer.h"; path = "cordova-plugin-device-motion/CDVAccelerometer.h"; sourceTree = "<group>"; fileEncoding = 4; lastKnownFileType = sourcecode.c.h; explicitFileType = undefined; includeInIndex = 0; };
		881FBC8693294B03B9909F64 /* CoreMotion.framework */ = {isa = PBXFileReference; name = "CoreMotion.framework"; path = "System/Library/Frameworks/CoreMotion.framework"; sourceTree = SDKROOT; fileEncoding = undefined; lastKnownFileType = wrapper.framework; explicitFileType = undefined; includeInIndex = 0; };
		DB227A271CB84EADB46A4FDE /* CDVCompass.m */ = {isa = PBXFileReference; name = "CDVCompass.m"; path = "cordova-plugin-device-orientation/CDVCompass.m"; sourceTree = "<group>"; fileEncoding = 4; lastKnownFileType = sourcecode.c.objc; explicitFileType = undefined; includeInIndex = 0; };
		0176194DD94040C79E205596 /* CDVCompass.h */ = {isa = PBXFileReference; name = "CDVCompass.h"; path = "cordova-plugin-device-orientation/CDVCompass.h"; sourceTree = "<group>"; fileEncoding = 4; lastKnownFileType = sourcecode.c.h; explicitFileType = undefined; includeInIndex = 0; };
		DAD73A448A784BB19677A868 /* CDVNotification.m */ = {isa = PBXFileReference; name = "CDVNotification.m"; path = "cordova-plugin-dialogs/CDVNotification.m"; sourceTree = "<group>"; fileEncoding = 4; lastKnownFileType = sourcecode.c.objc; explicitFileType = undefined; includeInIndex = 0; };
		CA1FA22808504C63BFF66AAD /* CDVNotification.h */ = {isa = PBXFileReference; name = "CDVNotification.h"; path = "cordova-plugin-dialogs/CDVNotification.h"; sourceTree = "<group>"; fileEncoding = 4; lastKnownFileType = sourcecode.c.h; explicitFileType = undefined; includeInIndex = 0; };
		9A7EC0FE15EA4BBD93F02105 /* CDVNotification.bundle */ = {isa = PBXFileReference; name = "CDVNotification.bundle"; path = "CDVNotification.bundle"; sourceTree = "<group>"; fileEncoding = undefined; lastKnownFileType = wrapper.plug-in; explicitFileType = undefined; includeInIndex = 0; };
		FA15BE26AE894C139A9FEE08 /* AudioToolbox.framework */ = {isa = PBXFileReference; name = "AudioToolbox.framework"; path = "System/Library/Frameworks/AudioToolbox.framework"; sourceTree = SDKROOT; fileEncoding = undefined; lastKnownFileType = wrapper.framework; explicitFileType = undefined; includeInIndex = 0; };
		FD5042F7DB9D4A25A5121389 /* CDVFile.m */ = {isa = PBXFileReference; name = "CDVFile.m"; path = "cordova-plugin-file/CDVFile.m"; sourceTree = "<group>"; fileEncoding = 4; lastKnownFileType = sourcecode.c.objc; explicitFileType = undefined; includeInIndex = 0; };
		44F00D418FBF4B1BAE882E29 /* CDVLocalFilesystem.m */ = {isa = PBXFileReference; name = "CDVLocalFilesystem.m"; path = "cordova-plugin-file/CDVLocalFilesystem.m"; sourceTree = "<group>"; fileEncoding = 4; lastKnownFileType = sourcecode.c.objc; explicitFileType = undefined; includeInIndex = 0; };
		710DC7B54A774670AE690D7C /* CDVAssetLibraryFilesystem.m */ = {isa = PBXFileReference; name = "CDVAssetLibraryFilesystem.m"; path = "cordova-plugin-file/CDVAssetLibraryFilesystem.m"; sourceTree = "<group>"; fileEncoding = 4; lastKnownFileType = sourcecode.c.objc; explicitFileType = undefined; includeInIndex = 0; };
		E360C6C7078E407BB6F4509D /* CDVFile.h */ = {isa = PBXFileReference; name = "CDVFile.h"; path = "cordova-plugin-file/CDVFile.h"; sourceTree = "<group>"; fileEncoding = 4; lastKnownFileType = sourcecode.c.h; explicitFileType = undefined; includeInIndex = 0; };
		55267E126148409DBD5A6E42 /* CDVLocalFilesystem.h */ = {isa = PBXFileReference; name = "CDVLocalFilesystem.h"; path = "cordova-plugin-file/CDVLocalFilesystem.h"; sourceTree = "<group>"; fileEncoding = 4; lastKnownFileType = sourcecode.c.h; explicitFileType = undefined; includeInIndex = 0; };
		3CDC87EAE90F4BEE853C1672 /* CDVAssetLibraryFilesystem.h */ = {isa = PBXFileReference; name = "CDVAssetLibraryFilesystem.h"; path = "cordova-plugin-file/CDVAssetLibraryFilesystem.h"; sourceTree = "<group>"; fileEncoding = 4; lastKnownFileType = sourcecode.c.h; explicitFileType = undefined; includeInIndex = 0; };
		BBAC6B737F414F1BAB1C6017 /* CDVFileTransfer.m */ = {isa = PBXFileReference; name = "CDVFileTransfer.m"; path = "cordova-plugin-file-transfer/CDVFileTransfer.m"; sourceTree = "<group>"; fileEncoding = 4; lastKnownFileType = sourcecode.c.objc; explicitFileType = undefined; includeInIndex = 0; };
		706A99568DFC495199AD5515 /* CDVFileTransfer.h */ = {isa = PBXFileReference; name = "CDVFileTransfer.h"; path = "cordova-plugin-file-transfer/CDVFileTransfer.h"; sourceTree = "<group>"; fileEncoding = 4; lastKnownFileType = sourcecode.c.h; explicitFileType = undefined; includeInIndex = 0; };
		526566AE9CE34ED6974C83B9 /* CDVLocation.m */ = {isa = PBXFileReference; name = "CDVLocation.m"; path = "cordova-plugin-geolocation/CDVLocation.m"; sourceTree = "<group>"; fileEncoding = 4; lastKnownFileType = sourcecode.c.objc; explicitFileType = undefined; includeInIndex = 0; };
		D16FF56217CC4AC6832C5A1C /* CDVLocation.h */ = {isa = PBXFileReference; name = "CDVLocation.h"; path = "cordova-plugin-geolocation/CDVLocation.h"; sourceTree = "<group>"; fileEncoding = 4; lastKnownFileType = sourcecode.c.h; explicitFileType = undefined; includeInIndex = 0; };
		ED45E00A37A34DB1BFBAAB1F /* CDVGlobalization.m */ = {isa = PBXFileReference; name = "CDVGlobalization.m"; path = "cordova-plugin-globalization/CDVGlobalization.m"; sourceTree = "<group>"; fileEncoding = 4; lastKnownFileType = sourcecode.c.objc; explicitFileType = undefined; includeInIndex = 0; };
		FE6DFA3DCBE247AE95374432 /* CDVGlobalization.h */ = {isa = PBXFileReference; name = "CDVGlobalization.h"; path = "cordova-plugin-globalization/CDVGlobalization.h"; sourceTree = "<group>"; fileEncoding = 4; lastKnownFileType = sourcecode.c.h; explicitFileType = undefined; includeInIndex = 0; };
		6CCE497587BC40EAB3B54497 /* CDVInAppBrowser.m */ = {isa = PBXFileReference; name = "CDVInAppBrowser.m"; path = "cordova-plugin-inappbrowser/CDVInAppBrowser.m"; sourceTree = "<group>"; fileEncoding = 4; lastKnownFileType = sourcecode.c.objc; explicitFileType = undefined; includeInIndex = 0; };
		F5D0025928B24596868EF192 /* CDVInAppBrowser.h */ = {isa = PBXFileReference; name = "CDVInAppBrowser.h"; path = "cordova-plugin-inappbrowser/CDVInAppBrowser.h"; sourceTree = "<group>"; fileEncoding = 4; lastKnownFileType = sourcecode.c.h; explicitFileType = undefined; includeInIndex = 0; };
		9164E43A92C44E9AB3819E1E /* CDVSound.m */ = {isa = PBXFileReference; name = "CDVSound.m"; path = "cordova-plugin-media/CDVSound.m"; sourceTree = "<group>"; fileEncoding = 4; lastKnownFileType = sourcecode.c.objc; explicitFileType = undefined; includeInIndex = 0; };
		D831ADDD04B6473986021FCF /* CDVSound.h */ = {isa = PBXFileReference; name = "CDVSound.h"; path = "cordova-plugin-media/CDVSound.h"; sourceTree = "<group>"; fileEncoding = 4; lastKnownFileType = sourcecode.c.h; explicitFileType = undefined; includeInIndex = 0; };
		26EEF0FEA5054576A2E9F68A /* CDVCapture.m */ = {isa = PBXFileReference; name = "CDVCapture.m"; path = "cordova-plugin-media-capture/CDVCapture.m"; sourceTree = "<group>"; fileEncoding = 4; lastKnownFileType = sourcecode.c.objc; explicitFileType = undefined; includeInIndex = 0; };
		4A432B40E3D54924BC8CC6FA /* CDVCapture.h */ = {isa = PBXFileReference; name = "CDVCapture.h"; path = "cordova-plugin-media-capture/CDVCapture.h"; sourceTree = "<group>"; fileEncoding = 4; lastKnownFileType = sourcecode.c.h; explicitFileType = undefined; includeInIndex = 0; };
		C275FE13DDE341BD98BFE895 /* CDVCapture.bundle */ = {isa = PBXFileReference; name = "CDVCapture.bundle"; path = "CDVCapture.bundle"; sourceTree = "<group>"; fileEncoding = undefined; lastKnownFileType = wrapper.plug-in; explicitFileType = undefined; includeInIndex = 0; };
		66A5D7AF5BF34EF190473E73 /* CDVConnection.m */ = {isa = PBXFileReference; name = "CDVConnection.m"; path = "cordova-plugin-network-information/CDVConnection.m"; sourceTree = "<group>"; fileEncoding = 4; lastKnownFileType = sourcecode.c.objc; explicitFileType = undefined; includeInIndex = 0; };
		CA000358AF754CC58461B8AC /* CDVReachability.m */ = {isa = PBXFileReference; name = "CDVReachability.m"; path = "cordova-plugin-network-information/CDVReachability.m"; sourceTree = "<group>"; fileEncoding = 4; lastKnownFileType = sourcecode.c.objc; explicitFileType = undefined; includeInIndex = 0; };
		890BD5C3672D4D16B621F49F /* CDVConnection.h */ = {isa = PBXFileReference; name = "CDVConnection.h"; path = "cordova-plugin-network-information/CDVConnection.h"; sourceTree = "<group>"; fileEncoding = 4; lastKnownFileType = sourcecode.c.h; explicitFileType = undefined; includeInIndex = 0; };
		D8BB33E7073D4E6B9503B177 /* CDVReachability.h */ = {isa = PBXFileReference; name = "CDVReachability.h"; path = "cordova-plugin-network-information/CDVReachability.h"; sourceTree = "<group>"; fileEncoding = 4; lastKnownFileType = sourcecode.c.h; explicitFileType = undefined; includeInIndex = 0; };
		C02BF3C13ADE42BAB75D1406 /* SystemConfiguration.framework */ = {isa = PBXFileReference; name = "SystemConfiguration.framework"; path = "System/Library/Frameworks/SystemConfiguration.framework"; sourceTree = SDKROOT; fileEncoding = undefined; lastKnownFileType = wrapper.framework; explicitFileType = undefined; includeInIndex = 0; };
		F6BB9537689B4E3187F28E64 /* CoreTelephony.framework */ = {isa = PBXFileReference; name = "CoreTelephony.framework"; path = "System/Library/Frameworks/CoreTelephony.framework"; sourceTree = SDKROOT; fileEncoding = undefined; lastKnownFileType = wrapper.framework; explicitFileType = undefined; includeInIndex = 0; };
		734433B14CCF428595F912C6 /* CDVSplashScreen.m */ = {isa = PBXFileReference; name = "CDVSplashScreen.m"; path = "cordova-plugin-splashscreen/CDVSplashScreen.m"; sourceTree = "<group>"; fileEncoding = 4; lastKnownFileType = sourcecode.c.objc; explicitFileType = undefined; includeInIndex = 0; };
		CC536815C21C4238B4F3CD80 /* CDVViewController+SplashScreen.m */ = {isa = PBXFileReference; name = "CDVViewController+SplashScreen.m"; path = "cordova-plugin-splashscreen/CDVViewController+SplashScreen.m"; sourceTree = "<group>"; fileEncoding = 4; lastKnownFileType = sourcecode.c.objc; explicitFileType = undefined; includeInIndex = 0; };
		B5B91E4A5F344865A681598D /* CDVSplashScreen.h */ = {isa = PBXFileReference; name = "CDVSplashScreen.h"; path = "cordova-plugin-splashscreen/CDVSplashScreen.h"; sourceTree = "<group>"; fileEncoding = 4; lastKnownFileType = sourcecode.c.h; explicitFileType = undefined; includeInIndex = 0; };
		9EF12AE1855F4175BE8C51B3 /* CDVViewController+SplashScreen.h */ = {isa = PBXFileReference; name = "CDVViewController+SplashScreen.h"; path = "cordova-plugin-splashscreen/CDVViewController+SplashScreen.h"; sourceTree = "<group>"; fileEncoding = 4; lastKnownFileType = sourcecode.c.h; explicitFileType = undefined; includeInIndex = 0; };
		562F02CD6F7D494FB3A38F52 /* CDVStatusBar.m */ = {isa = PBXFileReference; name = "CDVStatusBar.m"; path = "cordova-plugin-statusbar/CDVStatusBar.m"; sourceTree = "<group>"; fileEncoding = 4; lastKnownFileType = sourcecode.c.objc; explicitFileType = undefined; includeInIndex = 0; };
		58F3FC7B4AC546F3881FC0E8 /* CDVStatusBar.h */ = {isa = PBXFileReference; name = "CDVStatusBar.h"; path = "cordova-plugin-statusbar/CDVStatusBar.h"; sourceTree = "<group>"; fileEncoding = 4; lastKnownFileType = sourcecode.c.h; explicitFileType = undefined; includeInIndex = 0; };
		B3F3BA720B1945E287B4D29A /* CDVVibration.m */ = {isa = PBXFileReference; name = "CDVVibration.m"; path = "cordova-plugin-vibration/CDVVibration.m"; sourceTree = "<group>"; fileEncoding = 4; lastKnownFileType = sourcecode.c.objc; explicitFileType = undefined; includeInIndex = 0; };
		19886C73161541DB82467F91 /* CDVVibration.h */ = {isa = PBXFileReference; name = "CDVVibration.h"; path = "cordova-plugin-vibration/CDVVibration.h"; sourceTree = "<group>"; fileEncoding = 4; lastKnownFileType = sourcecode.c.h; explicitFileType = undefined; includeInIndex = 0; };
		56E42A21730C473A9EB49FE4 /* OneSignalPush.h */ = {isa = PBXFileReference; name = "OneSignalPush.h"; path = "onesignal-cordova-plugin/OneSignalPush.h"; sourceTree = "<group>"; fileEncoding = 4; lastKnownFileType = sourcecode.c.h; explicitFileType = undefined; includeInIndex = 0; };
		8EA537B192964F1F9E84C68D /* OneSignalSelectorHelpers.h */ = {isa = PBXFileReference; name = "OneSignalSelectorHelpers.h"; path = "onesignal-cordova-plugin/OneSignalSelectorHelpers.h"; sourceTree = "<group>"; fileEncoding = 4; lastKnownFileType = sourcecode.c.h; explicitFileType = undefined; includeInIndex = 0; };
		6386B0E177634FE5B9E5C2BC /* UNUserNotificationCenter+OneSignal.h */ = {isa = PBXFileReference; name = "UNUserNotificationCenter+OneSignal.h"; path = "onesignal-cordova-plugin/UNUserNotificationCenter+OneSignal.h"; sourceTree = "<group>"; fileEncoding = 4; lastKnownFileType = sourcecode.c.h; explicitFileType = undefined; includeInIndex = 0; };
		D1165AE0B7AB46EE966C7FF2 /* UIApplicationDelegate+OneSignal.h */ = {isa = PBXFileReference; name = "UIApplicationDelegate+OneSignal.h"; path = "onesignal-cordova-plugin/UIApplicationDelegate+OneSignal.h"; sourceTree = "<group>"; fileEncoding = 4; lastKnownFileType = sourcecode.c.h; explicitFileType = undefined; includeInIndex = 0; };
		52AF365F55634E59B9A82CF7 /* OneSignal.m */ = {isa = PBXFileReference; name = "OneSignal.m"; path = "onesignal-cordova-plugin/OneSignal.m"; sourceTree = "<group>"; fileEncoding = 4; lastKnownFileType = sourcecode.c.objc; explicitFileType = undefined; includeInIndex = 0; };
		B79413DA9E1A4E37BEB3B02D /* OneSignalHTTPClient.m */ = {isa = PBXFileReference; name = "OneSignalHTTPClient.m"; path = "onesignal-cordova-plugin/OneSignalHTTPClient.m"; sourceTree = "<group>"; fileEncoding = 4; lastKnownFileType = sourcecode.c.objc; explicitFileType = undefined; includeInIndex = 0; };
		8034F08EB1FD4FE5895BC54E /* OneSignalTrackIAP.m */ = {isa = PBXFileReference; name = "OneSignalTrackIAP.m"; path = "onesignal-cordova-plugin/OneSignalTrackIAP.m"; sourceTree = "<group>"; fileEncoding = 4; lastKnownFileType = sourcecode.c.objc; explicitFileType = undefined; includeInIndex = 0; };
		1A973A1EDB2048F18CD3FBBF /* OneSignalJailbreakDetection.m */ = {isa = PBXFileReference; name = "OneSignalJailbreakDetection.m"; path = "onesignal-cordova-plugin/OneSignalJailbreakDetection.m"; sourceTree = "<group>"; fileEncoding = 4; lastKnownFileType = sourcecode.c.objc; explicitFileType = undefined; includeInIndex = 0; };
		5113E507415947BFBB11DC05 /* OneSignalReachability.m */ = {isa = PBXFileReference; name = "OneSignalReachability.m"; path = "onesignal-cordova-plugin/OneSignalReachability.m"; sourceTree = "<group>"; fileEncoding = 4; lastKnownFileType = sourcecode.c.objc; explicitFileType = undefined; includeInIndex = 0; };
		E99EEC404ECD480485E8F8AA /* OneSignalMobileProvision.m */ = {isa = PBXFileReference; name = "OneSignalMobileProvision.m"; path = "onesignal-cordova-plugin/OneSignalMobileProvision.m"; sourceTree = "<group>"; fileEncoding = 4; lastKnownFileType = sourcecode.c.objc; explicitFileType = undefined; includeInIndex = 0; };
		B6CFC3D9EF434F83A43C29E7 /* OneSignalLocation.m */ = {isa = PBXFileReference; name = "OneSignalLocation.m"; path = "onesignal-cordova-plugin/OneSignalLocation.m"; sourceTree = "<group>"; fileEncoding = 4; lastKnownFileType = sourcecode.c.objc; explicitFileType = undefined; includeInIndex = 0; };
		C1AF481B4EA24E1EA3951C3F /* OneSignalAlertViewDelegate.m */ = {isa = PBXFileReference; name = "OneSignalAlertViewDelegate.m"; path = "onesignal-cordova-plugin/OneSignalAlertViewDelegate.m"; sourceTree = "<group>"; fileEncoding = 4; lastKnownFileType = sourcecode.c.objc; explicitFileType = undefined; includeInIndex = 0; };
		215902CCFA5E4E69B9020DF4 /* OneSignalTracker.m */ = {isa = PBXFileReference; name = "OneSignalTracker.m"; path = "onesignal-cordova-plugin/OneSignalTracker.m"; sourceTree = "<group>"; fileEncoding = 4; lastKnownFileType = sourcecode.c.objc; explicitFileType = undefined; includeInIndex = 0; };
		B3E2F3710B5A4CE2A4BF9E08 /* OneSignalHelper.m */ = {isa = PBXFileReference; name = "OneSignalHelper.m"; path = "onesignal-cordova-plugin/OneSignalHelper.m"; sourceTree = "<group>"; fileEncoding = 4; lastKnownFileType = sourcecode.c.objc; explicitFileType = undefined; includeInIndex = 0; };
		1127AD37B15B4E11806AE192 /* OneSignalWebView.m */ = {isa = PBXFileReference; name = "OneSignalWebView.m"; path = "onesignal-cordova-plugin/OneSignalWebView.m"; sourceTree = "<group>"; fileEncoding = 4; lastKnownFileType = sourcecode.c.objc; explicitFileType = undefined; includeInIndex = 0; };
		8A8FA025C3EB4E93ACE36F65 /* OneSignalPush.m */ = {isa = PBXFileReference; name = "OneSignalPush.m"; path = "onesignal-cordova-plugin/OneSignalPush.m"; sourceTree = "<group>"; fileEncoding = 4; lastKnownFileType = sourcecode.c.objc; explicitFileType = undefined; includeInIndex = 0; };
		1252427AFF6E41669B1E965D /* OneSignalSelectorHelpers.m */ = {isa = PBXFileReference; name = "OneSignalSelectorHelpers.m"; path = "onesignal-cordova-plugin/OneSignalSelectorHelpers.m"; sourceTree = "<group>"; fileEncoding = 4; lastKnownFileType = sourcecode.c.objc; explicitFileType = undefined; includeInIndex = 0; };
		EA00CD9A773F4CFDACADB364 /* UNUserNotificationCenter+OneSignal.m */ = {isa = PBXFileReference; name = "UNUserNotificationCenter+OneSignal.m"; path = "onesignal-cordova-plugin/UNUserNotificationCenter+OneSignal.m"; sourceTree = "<group>"; fileEncoding = 4; lastKnownFileType = sourcecode.c.objc; explicitFileType = undefined; includeInIndex = 0; };
		B13AF819F33A4778BF83E2FD /* UIApplicationDelegate+OneSignal.m */ = {isa = PBXFileReference; name = "UIApplicationDelegate+OneSignal.m"; path = "onesignal-cordova-plugin/UIApplicationDelegate+OneSignal.m"; sourceTree = "<group>"; fileEncoding = 4; lastKnownFileType = sourcecode.c.objc; explicitFileType = undefined; includeInIndex = 0; };
		8D867B0C434248759EE47FA9 /* OneSignal.h */ = {isa = PBXFileReference; name = "OneSignal.h"; path = "onesignal-cordova-plugin/OneSignal.h"; sourceTree = "<group>"; fileEncoding = 4; lastKnownFileType = sourcecode.c.h; explicitFileType = undefined; includeInIndex = 0; };
		E5C4A5CBEBFE432A9445CF54 /* OneSignalHTTPClient.h */ = {isa = PBXFileReference; name = "OneSignalHTTPClient.h"; path = "onesignal-cordova-plugin/OneSignalHTTPClient.h"; sourceTree = "<group>"; fileEncoding = 4; lastKnownFileType = sourcecode.c.h; explicitFileType = undefined; includeInIndex = 0; };
		7B5DB62D553B47718546A845 /* OneSignalTrackIAP.h */ = {isa = PBXFileReference; name = "OneSignalTrackIAP.h"; path = "onesignal-cordova-plugin/OneSignalTrackIAP.h"; sourceTree = "<group>"; fileEncoding = 4; lastKnownFileType = sourcecode.c.h; explicitFileType = undefined; includeInIndex = 0; };
		7555B509F1FC4E3C8C91EE2E /* OneSignalJailbreakDetection.h */ = {isa = PBXFileReference; name = "OneSignalJailbreakDetection.h"; path = "onesignal-cordova-plugin/OneSignalJailbreakDetection.h"; sourceTree = "<group>"; fileEncoding = 4; lastKnownFileType = sourcecode.c.h; explicitFileType = undefined; includeInIndex = 0; };
		4D1493AA8DED48CCBC64C70D /* OneSignalReachability.h */ = {isa = PBXFileReference; name = "OneSignalReachability.h"; path = "onesignal-cordova-plugin/OneSignalReachability.h"; sourceTree = "<group>"; fileEncoding = 4; lastKnownFileType = sourcecode.c.h; explicitFileType = undefined; includeInIndex = 0; };
		0B1028DA211E4DA8833341BC /* OneSignalMobileProvision.h */ = {isa = PBXFileReference; name = "OneSignalMobileProvision.h"; path = "onesignal-cordova-plugin/OneSignalMobileProvision.h"; sourceTree = "<group>"; fileEncoding = 4; lastKnownFileType = sourcecode.c.h; explicitFileType = undefined; includeInIndex = 0; };
		5775A9DE9A974180BF1348BD /* OneSignalLocation.h */ = {isa = PBXFileReference; name = "OneSignalLocation.h"; path = "onesignal-cordova-plugin/OneSignalLocation.h"; sourceTree = "<group>"; fileEncoding = 4; lastKnownFileType = sourcecode.c.h; explicitFileType = undefined; includeInIndex = 0; };
		5A6A1620E8DC4EFD89755CEA /* OneSignalAlertViewDelegate.h */ = {isa = PBXFileReference; name = "OneSignalAlertViewDelegate.h"; path = "onesignal-cordova-plugin/OneSignalAlertViewDelegate.h"; sourceTree = "<group>"; fileEncoding = 4; lastKnownFileType = sourcecode.c.h; explicitFileType = undefined; includeInIndex = 0; };
		448D7C4B125F4224A53C12A9 /* OneSignalHelper.h */ = {isa = PBXFileReference; name = "OneSignalHelper.h"; path = "onesignal-cordova-plugin/OneSignalHelper.h"; sourceTree = "<group>"; fileEncoding = 4; lastKnownFileType = sourcecode.c.h; explicitFileType = undefined; includeInIndex = 0; };
		E7D0F2ACC4DE4236BC5130C1 /* OneSignalTracker.h */ = {isa = PBXFileReference; name = "OneSignalTracker.h"; path = "onesignal-cordova-plugin/OneSignalTracker.h"; sourceTree = "<group>"; fileEncoding = 4; lastKnownFileType = sourcecode.c.h; explicitFileType = undefined; includeInIndex = 0; };
		DF4BF7E7C3FD4A87B8E69DB9 /* OneSignalWebView.h */ = {isa = PBXFileReference; name = "OneSignalWebView.h"; path = "onesignal-cordova-plugin/OneSignalWebView.h"; sourceTree = "<group>"; fileEncoding = 4; lastKnownFileType = sourcecode.c.h; explicitFileType = undefined; includeInIndex = 0; };
		C2EF45A4FBD84D219738F898 /* OneSignal-Prefix.pch */ = {isa = PBXFileReference; name = "OneSignal-Prefix.pch"; path = "onesignal-cordova-plugin/OneSignal-Prefix.pch"; sourceTree = "<group>"; fileEncoding = 4; lastKnownFileType = sourcecode.c.h; explicitFileType = undefined; includeInIndex = 0; };
		CA65356C1A7A4469A67DC0A5 /* Canvas2ImagePlugin.m */ = {isa = PBXFileReference; name = "Canvas2ImagePlugin.m"; path = "org.devgeeks.Canvas2ImagePlugin/Canvas2ImagePlugin.m"; sourceTree = "<group>"; fileEncoding = 4; lastKnownFileType = sourcecode.c.objc; explicitFileType = undefined; includeInIndex = 0; };
		D054DD08F53D430284681813 /* Canvas2ImagePlugin.h */ = {isa = PBXFileReference; name = "Canvas2ImagePlugin.h"; path = "org.devgeeks.Canvas2ImagePlugin/Canvas2ImagePlugin.h"; sourceTree = "<group>"; fileEncoding = 4; lastKnownFileType = sourcecode.c.h; explicitFileType = undefined; includeInIndex = 0; };
/* End PBXFileReference section */

/* Begin PBXFrameworksBuildPhase section */
		1D60588F0D05DD3D006BFB54 /* Frameworks */ = {
			isa = PBXFrameworksBuildPhase;
			buildActionMask = 2147483647;
			files = (
				301BF552109A68D80062928A /* libCordova.a in Frameworks */,
				36901015FB5D41D094CF8B78 /* ImageIO.framework in Frameworks */,
				164E94D6AE4C4945A598C22A /* CoreLocation.framework in Frameworks */,
				85CFAA4177A74664B0ABBC5A /* AVFoundation.framework in Frameworks */,
				7E7A47B716374BC5BFCF3C30 /* AddressBook.framework in Frameworks */,
				52BDE58DEABF478C8EAA4D71 /* AddressBookUI.framework in Frameworks */,
				FECF19C0BAF94EB9B732B259 /* CoreMotion.framework in Frameworks */,
				65252F5379EF46F7A1AE18E0 /* AudioToolbox.framework in Frameworks */,
				9094A2FE992D485EA3CE2003 /* SystemConfiguration.framework in Frameworks */,
				382EA532AADB4CD99DA2244C /* CoreTelephony.framework in Frameworks */,
			);
			runOnlyForDeploymentPostprocessing = 0;
		};
/* End PBXFrameworksBuildPhase section */

/* Begin PBXGroup section */
		080E96DDFE201D6D7F000001 /* Classes */ = {
			isa = PBXGroup;
			children = (
				302D95EE14D2391D003F00A1 /* MainViewController.h */,
				302D95EF14D2391D003F00A1 /* MainViewController.m */,
				302D95F014D2391D003F00A1 /* MainViewController.xib */,
				1D3623240D0F684500981E51 /* AppDelegate.h */,
				1D3623250D0F684500981E51 /* AppDelegate.m */,
			);
			name = Classes;
			path = "Minha Loja/Classes";
			sourceTree = SOURCE_ROOT;
		};
		19C28FACFE9D520D11CA2CBB /* Products */ = {
			isa = PBXGroup;
			children = (
				1D6058910D05DD3D006BFB54 /* Minha Loja.app */,
			);
			name = Products;
			sourceTree = "<group>";
		};
		29B97314FDCFA39411CA2CEA /* CustomTemplate */ = {
			isa = PBXGroup;
			children = (
				EB87FDF41871DAF40020F90C /* config.xml */,
				EB87FDF31871DA8E0020F90C /* www */,
				EB87FDF11871DA420020F90C /* Staging */,
				301BF52D109A57CC0062928A /* CordovaLib.xcodeproj */,
				080E96DDFE201D6D7F000001 /* Classes */,
				307C750510C5A3420062BCA9 /* Plugins */,
				29B97315FDCFA39411CA2CEA /* Other Sources */,
				29B97317FDCFA39411CA2CEA /* Resources */,
				29B97323FDCFA39411CA2CEA /* Frameworks */,
				19C28FACFE9D520D11CA2CBB /* Products */,
			);
			name = CustomTemplate;
			sourceTree = "<group>";
		};
		29B97315FDCFA39411CA2CEA /* Other Sources */ = {
			isa = PBXGroup;
			children = (
				32CA4F630368D1EE00C91783 /* Minha Loja-Prefix.pch */,
				29B97316FDCFA39411CA2CEA /* main.m */,
				ED33DF2A687741AEAF9F8254 /* Bridging-Header.h */,
			);
			name = "Other Sources";
			path = "Minha Loja";
			sourceTree = "<group>";
		};
		29B97317FDCFA39411CA2CEA /* Resources */ = {
			isa = PBXGroup;
			children = (
				0207DA571B56EA530066E2B4 /* Images.xcassets */,
				3047A50E1AB8057F00498E2A /* config */,
				8D1107310486CEB800E47090 /* Minha Loja-Info.plist */,
				9A7EC0FE15EA4BBD93F02105 /* CDVNotification.bundle */,
				C275FE13DDE341BD98BFE895 /* CDVCapture.bundle */,
			);
			name = Resources;
			path = "Minha Loja/Resources";
			sourceTree = "<group>";
		};
		29B97323FDCFA39411CA2CEA /* Frameworks */ = {
			isa = PBXGroup;
			children = (
				0B68715CC1E14CC2BF06E11E /* ImageIO.framework */,
				559F09B2AA174496A066FAE2 /* CoreLocation.framework */,
				FE500E9BDD0644B691CE1A4A /* AVFoundation.framework */,
				6F89AECBB9ED4DBA8AA29EEE /* AddressBook.framework */,
				C232763155914A07AAA656B0 /* AddressBookUI.framework */,
				881FBC8693294B03B9909F64 /* CoreMotion.framework */,
				FA15BE26AE894C139A9FEE08 /* AudioToolbox.framework */,
				C02BF3C13ADE42BAB75D1406 /* SystemConfiguration.framework */,
				F6BB9537689B4E3187F28E64 /* CoreTelephony.framework */,
			);
			name = Frameworks;
			sourceTree = "<group>";
		};
		301BF52E109A57CC0062928A /* Products */ = {
			isa = PBXGroup;
			children = (
				301BF535109A57CC0062928A /* libCordova.a */,
			);
			name = Products;
			sourceTree = "<group>";
		};
		3047A50E1AB8057F00498E2A /* config */ = {
			isa = PBXGroup;
			children = (
				3047A50F1AB8059700498E2A /* build-debug.xcconfig */,
				3047A5101AB8059700498E2A /* build-release.xcconfig */,
				3047A5111AB8059700498E2A /* build.xcconfig */,
			);
			name = config;
			sourceTree = "<group>";
		};
		307C750510C5A3420062BCA9 /* Plugins */ = {
			isa = PBXGroup;
			children = (
				3F3D0F7E42EE4BAAB254D272 /* CDVBattery.m */,
				22912B45F5454A1E804EB108 /* CDVBattery.h */,
				ABB29A7B6B494E2C8032CB79 /* UIImage+CropScaleOrientation.m */,
				4184D03C5F4243A2A33E3430 /* CDVCamera.m */,
				93C440BC78ED444C8EDBA2BC /* CDVJpegHeaderWriter.m */,
				03E80CBE4C8B4C639D7AE048 /* UIImage+CropScaleOrientation.h */,
				DDE84B5F6BF54D2CBA8E6BFF /* CDVCamera.h */,
				9D1D36AAA87242CF94399303 /* CDVJpegHeaderWriter.h */,
				FAD60AEDD02B41D7A9D6518B /* CDVExif.h */,
				2F23EA3138DB462FAB4B7141 /* CDVLogger.m */,
				FA5D0C7402A94E0AA05BC28D /* CDVLogger.h */,
				F74B8544719540C28DBA9F79 /* CDVContacts.m */,
				A8431E08E216465E9DC178BA /* CDVContact.m */,
				0C2097F862AE4CA7A359CC78 /* CDVContacts.h */,
				BA14CE90E3AC42E2A38691A1 /* CDVContact.h */,
				79CC77956BFF48519862FA64 /* CDVDevice.m */,
				821D8F53A59F4877A30CED2C /* CDVDevice.h */,
				8986D7F1A45D4F8F847F71C0 /* CDVAccelerometer.m */,
				338E3DA5B1D941B89C212C65 /* CDVAccelerometer.h */,
				DB227A271CB84EADB46A4FDE /* CDVCompass.m */,
				0176194DD94040C79E205596 /* CDVCompass.h */,
				DAD73A448A784BB19677A868 /* CDVNotification.m */,
				CA1FA22808504C63BFF66AAD /* CDVNotification.h */,
				FD5042F7DB9D4A25A5121389 /* CDVFile.m */,
				44F00D418FBF4B1BAE882E29 /* CDVLocalFilesystem.m */,
				710DC7B54A774670AE690D7C /* CDVAssetLibraryFilesystem.m */,
				E360C6C7078E407BB6F4509D /* CDVFile.h */,
				55267E126148409DBD5A6E42 /* CDVLocalFilesystem.h */,
				3CDC87EAE90F4BEE853C1672 /* CDVAssetLibraryFilesystem.h */,
				BBAC6B737F414F1BAB1C6017 /* CDVFileTransfer.m */,
				706A99568DFC495199AD5515 /* CDVFileTransfer.h */,
				526566AE9CE34ED6974C83B9 /* CDVLocation.m */,
				D16FF56217CC4AC6832C5A1C /* CDVLocation.h */,
				ED45E00A37A34DB1BFBAAB1F /* CDVGlobalization.m */,
				FE6DFA3DCBE247AE95374432 /* CDVGlobalization.h */,
				6CCE497587BC40EAB3B54497 /* CDVInAppBrowser.m */,
				F5D0025928B24596868EF192 /* CDVInAppBrowser.h */,
				9164E43A92C44E9AB3819E1E /* CDVSound.m */,
				D831ADDD04B6473986021FCF /* CDVSound.h */,
				26EEF0FEA5054576A2E9F68A /* CDVCapture.m */,
				4A432B40E3D54924BC8CC6FA /* CDVCapture.h */,
				66A5D7AF5BF34EF190473E73 /* CDVConnection.m */,
				CA000358AF754CC58461B8AC /* CDVReachability.m */,
				890BD5C3672D4D16B621F49F /* CDVConnection.h */,
				D8BB33E7073D4E6B9503B177 /* CDVReachability.h */,
				734433B14CCF428595F912C6 /* CDVSplashScreen.m */,
				CC536815C21C4238B4F3CD80 /* CDVViewController+SplashScreen.m */,
				B5B91E4A5F344865A681598D /* CDVSplashScreen.h */,
				9EF12AE1855F4175BE8C51B3 /* CDVViewController+SplashScreen.h */,
				562F02CD6F7D494FB3A38F52 /* CDVStatusBar.m */,
				58F3FC7B4AC546F3881FC0E8 /* CDVStatusBar.h */,
				B3F3BA720B1945E287B4D29A /* CDVVibration.m */,
				19886C73161541DB82467F91 /* CDVVibration.h */,
				56E42A21730C473A9EB49FE4 /* OneSignalPush.h */,
				8EA537B192964F1F9E84C68D /* OneSignalSelectorHelpers.h */,
				6386B0E177634FE5B9E5C2BC /* UNUserNotificationCenter+OneSignal.h */,
				D1165AE0B7AB46EE966C7FF2 /* UIApplicationDelegate+OneSignal.h */,
				52AF365F55634E59B9A82CF7 /* OneSignal.m */,
				B79413DA9E1A4E37BEB3B02D /* OneSignalHTTPClient.m */,
				8034F08EB1FD4FE5895BC54E /* OneSignalTrackIAP.m */,
				1A973A1EDB2048F18CD3FBBF /* OneSignalJailbreakDetection.m */,
				5113E507415947BFBB11DC05 /* OneSignalReachability.m */,
				E99EEC404ECD480485E8F8AA /* OneSignalMobileProvision.m */,
				B6CFC3D9EF434F83A43C29E7 /* OneSignalLocation.m */,
				C1AF481B4EA24E1EA3951C3F /* OneSignalAlertViewDelegate.m */,
				215902CCFA5E4E69B9020DF4 /* OneSignalTracker.m */,
				B3E2F3710B5A4CE2A4BF9E08 /* OneSignalHelper.m */,
				1127AD37B15B4E11806AE192 /* OneSignalWebView.m */,
				8A8FA025C3EB4E93ACE36F65 /* OneSignalPush.m */,
				1252427AFF6E41669B1E965D /* OneSignalSelectorHelpers.m */,
				EA00CD9A773F4CFDACADB364 /* UNUserNotificationCenter+OneSignal.m */,
				B13AF819F33A4778BF83E2FD /* UIApplicationDelegate+OneSignal.m */,
				8D867B0C434248759EE47FA9 /* OneSignal.h */,
				E5C4A5CBEBFE432A9445CF54 /* OneSignalHTTPClient.h */,
				7B5DB62D553B47718546A845 /* OneSignalTrackIAP.h */,
				7555B509F1FC4E3C8C91EE2E /* OneSignalJailbreakDetection.h */,
				4D1493AA8DED48CCBC64C70D /* OneSignalReachability.h */,
				0B1028DA211E4DA8833341BC /* OneSignalMobileProvision.h */,
				5775A9DE9A974180BF1348BD /* OneSignalLocation.h */,
				5A6A1620E8DC4EFD89755CEA /* OneSignalAlertViewDelegate.h */,
				448D7C4B125F4224A53C12A9 /* OneSignalHelper.h */,
				E7D0F2ACC4DE4236BC5130C1 /* OneSignalTracker.h */,
				DF4BF7E7C3FD4A87B8E69DB9 /* OneSignalWebView.h */,
				C2EF45A4FBD84D219738F898 /* OneSignal-Prefix.pch */,
				CA65356C1A7A4469A67DC0A5 /* Canvas2ImagePlugin.m */,
				D054DD08F53D430284681813 /* Canvas2ImagePlugin.h */,
			);
			name = Plugins;
			path = "Minha Loja/Plugins";
			sourceTree = SOURCE_ROOT;
		};
		EB87FDF11871DA420020F90C /* Staging */ = {
			isa = PBXGroup;
			children = (
				F840E1F0165FE0F500CFE078 /* config.xml */,
				301BF56E109A69640062928A /* www */,
			);
			name = Staging;
			sourceTree = "<group>";
		};
/* End PBXGroup section */

/* Begin PBXNativeTarget section */
		1D6058900D05DD3D006BFB54 /* Minha Loja */ = {
			isa = PBXNativeTarget;
			buildConfigurationList = 1D6058960D05DD3E006BFB54 /* Build configuration list for PBXNativeTarget "Minha Loja" */;
			buildPhases = (
				304B58A110DAC018002A0835 /* Copy www directory */,
				1D60588D0D05DD3D006BFB54 /* Resources */,
				1D60588E0D05DD3D006BFB54 /* Sources */,
				1D60588F0D05DD3D006BFB54 /* Frameworks */,
			);
			buildRules = (
			);
			dependencies = (
				301BF551109A68C00062928A /* PBXTargetDependency */,
			);
			name = "Minha Loja";
			productName = "Minha Loja";
			productReference = 1D6058910D05DD3D006BFB54 /* Minha Loja.app */;
			productType = "com.apple.product-type.application";
		};
/* End PBXNativeTarget section */

/* Begin PBXProject section */
		29B97313FDCFA39411CA2CEA /* Project object */ = {
			isa = PBXProject;
			attributes = {
				LastUpgradeCheck = 510;
			};
			buildConfigurationList = C01FCF4E08A954540054247B /* Build configuration list for PBXProject "__NON-CLI__" */;
			compatibilityVersion = "Xcode 3.2";
			developmentRegion = English;
			hasScannedForEncodings = 1;
			mainGroup = 29B97314FDCFA39411CA2CEA /* CustomTemplate */;
			projectDirPath = "";
			projectReferences = (
				{
					ProductGroup = 301BF52E109A57CC0062928A /* Products */;
					ProjectRef = 301BF52D109A57CC0062928A /* CordovaLib.xcodeproj */;
				},
			);
			projectRoot = "";
			targets = (
				1D6058900D05DD3D006BFB54 /* Minha Loja */,
			);
		};
/* End PBXProject section */

/* Begin PBXReferenceProxy section */
		301BF535109A57CC0062928A /* libCordova.a */ = {
			isa = PBXReferenceProxy;
			fileType = archive.ar;
			path = libCordova.a;
			remoteRef = 301BF534109A57CC0062928A /* PBXContainerItemProxy */;
			sourceTree = BUILT_PRODUCTS_DIR;
		};
/* End PBXReferenceProxy section */

/* Begin PBXResourcesBuildPhase section */
		1D60588D0D05DD3D006BFB54 /* Resources */ = {
			isa = PBXResourcesBuildPhase;
			buildActionMask = 2147483647;
			files = (
				302D95F214D2391D003F00A1 /* MainViewController.xib in Resources */,
				3047A5131AB8059700498E2A /* build-release.xcconfig in Resources */,
				3047A5141AB8059700498E2A /* build.xcconfig in Resources */,
				0207DA581B56EA530066E2B4 /* Images.xcassets in Resources */,
				3047A5121AB8059700498E2A /* build-debug.xcconfig in Resources */,
				8660F648FAC0402CA62EF8C1 /* CDVNotification.bundle in Resources */,
				00AA04B129284E8EA0330D61 /* CDVCapture.bundle in Resources */,
			);
			runOnlyForDeploymentPostprocessing = 0;
		};
/* End PBXResourcesBuildPhase section */

/* Begin PBXShellScriptBuildPhase section */
		304B58A110DAC018002A0835 /* Copy www directory */ = {
			isa = PBXShellScriptBuildPhase;
			buildActionMask = 2147483647;
			files = (
			);
			inputPaths = (
			);
			name = "Copy www directory";
			outputPaths = (
			);
			runOnlyForDeploymentPostprocessing = 0;
			shellPath = /bin/sh;
			shellScript = "NODEJS_PATH=/usr/local/bin; NVM_NODE_PATH=~/.nvm/versions/node/`nvm version 2>/dev/null`/bin; N_NODE_PATH=`find /usr/local/n/versions/node/* -maxdepth 0 -type d 2>/dev/null | tail -1`/bin; XCODE_NODE_PATH=`xcode-select --print-path`/usr/share/xcs/Node/bin; PATH=$NODEJS_PATH:$NVM_NODE_PATH:$N_NODE_PATH:$XCODE_NODE_PATH:$PATH && node cordova/lib/copy-www-build-step.js";
			showEnvVarsInLog = 0;
		};
/* End PBXShellScriptBuildPhase section */

/* Begin PBXSourcesBuildPhase section */
		1D60588E0D05DD3D006BFB54 /* Sources */ = {
			isa = PBXSourcesBuildPhase;
			buildActionMask = 2147483647;
			files = (
				1D60589B0D05DD56006BFB54 /* main.m in Sources */,
				1D3623260D0F684500981E51 /* AppDelegate.m in Sources */,
				302D95F114D2391D003F00A1 /* MainViewController.m in Sources */,
				9C688FB1DA1F492598370FA9 /* CDVBattery.m in Sources */,
				E16F14728D8B45BDA3D02146 /* UIImage+CropScaleOrientation.m in Sources */,
				698875A43B134731AE41F375 /* CDVCamera.m in Sources */,
				DCD95C46735147A3BE880513 /* CDVJpegHeaderWriter.m in Sources */,
				673FC80438C74E8DB6918343 /* CDVLogger.m in Sources */,
				8D5823DACA514BCF9C0EB886 /* CDVContacts.m in Sources */,
				F0A5848AAB104CE7B9E87F5A /* CDVContact.m in Sources */,
				D826AF3B36DB4AFFB2AE42EF /* CDVDevice.m in Sources */,
				DEE39F2084F54913ABD6F12E /* CDVAccelerometer.m in Sources */,
				192B058754C3440AB7814278 /* CDVCompass.m in Sources */,
				9E09A339219A4328BDAAE276 /* CDVNotification.m in Sources */,
				8BB83ED854CA4764A8123ECD /* CDVFile.m in Sources */,
				708F4B1B0F7F4D3E83204CCC /* CDVLocalFilesystem.m in Sources */,
				F049FA03EDAF4DE583DC429D /* CDVAssetLibraryFilesystem.m in Sources */,
				DDF12132F0BD46F0BBED6020 /* CDVFileTransfer.m in Sources */,
				7DF15CE7E22E40EE894F124B /* CDVLocation.m in Sources */,
				3DDE5C352BA144DE916DD88F /* CDVGlobalization.m in Sources */,
				827A43A0CB144D018FC22E41 /* CDVInAppBrowser.m in Sources */,
				DC0319D57DDC4144BEC95F9A /* CDVSound.m in Sources */,
				CCF4699A2582454085A458EC /* CDVCapture.m in Sources */,
				E9D0C093F62847478E538CCD /* CDVConnection.m in Sources */,
				873510F736F94A7EB00DF275 /* CDVReachability.m in Sources */,
				D775F0605BFD45A1895E3043 /* CDVSplashScreen.m in Sources */,
				0483ECF575244E749A39AB36 /* CDVViewController+SplashScreen.m in Sources */,
				1137BF32456F4C9BABE7B31B /* CDVStatusBar.m in Sources */,
				99A3E10764F94F51AAAF7CDF /* CDVVibration.m in Sources */,
				C518BB5E3B2347BDA367EC59 /* OneSignalPush.h in Resources */,
				B3710667BCD54AE68AF289AC /* OneSignalSelectorHelpers.h in Resources */,
				4B43EC1718D14737BDA36BC1 /* UNUserNotificationCenter+OneSignal.h in Resources */,
				913D1AE2455A47C6B51DECC8 /* UIApplicationDelegate+OneSignal.h in Resources */,
				A53090D61629453B97DDDD1B /* OneSignal.m in Sources */,
				4EEAB89C0ACE490C98AF5C09 /* OneSignalHTTPClient.m in Sources */,
				180203EAA8AB45669285CED4 /* OneSignalTrackIAP.m in Sources */,
				D59E105D8EFF4352A9354231 /* OneSignalJailbreakDetection.m in Sources */,
				73EC15DBDEBC49138D1B3DCD /* OneSignalReachability.m in Sources */,
				0441EE5E953F4AE9A845D8CA /* OneSignalMobileProvision.m in Sources */,
				EBBD09F242F74E37BB60FBD0 /* OneSignalLocation.m in Sources */,
				847EB55C32954A94B43A5FDA /* OneSignalAlertViewDelegate.m in Sources */,
				4D10D17B23964BE8883BB2A1 /* OneSignalTracker.m in Sources */,
				FCA3C71ACD3048CD9B8AF83F /* OneSignalHelper.m in Sources */,
				75B0A07C03A6422C87997FBC /* OneSignalWebView.m in Sources */,
				52BFB0D9515246E59ED547D9 /* OneSignalPush.m in Sources */,
				CC3967221BD3448EBE8C1AB9 /* OneSignalSelectorHelpers.m in Sources */,
				5206E98E2C0B44C08F470AFF /* UNUserNotificationCenter+OneSignal.m in Sources */,
				F02467F3790743B092554841 /* UIApplicationDelegate+OneSignal.m in Sources */,
				54C0C664B55C47469BB8D499 /* Canvas2ImagePlugin.m in Sources */,
			);
			runOnlyForDeploymentPostprocessing = 0;
		};
/* End PBXSourcesBuildPhase section */

/* Begin PBXTargetDependency section */
		301BF551109A68C00062928A /* PBXTargetDependency */ = {
			isa = PBXTargetDependency;
			name = CordovaLib;
			targetProxy = 301BF550109A68C00062928A /* PBXContainerItemProxy */;
		};
/* End PBXTargetDependency section */

/* Begin XCBuildConfiguration section */
		1D6058940D05DD3E006BFB54 /* Debug */ = {
			isa = XCBuildConfiguration;
			baseConfigurationReference = 3047A50F1AB8059700498E2A /* build-debug.xcconfig */;
			buildSettings = {
				ALWAYS_SEARCH_USER_PATHS = NO;
				ASSETCATALOG_COMPILER_APPICON_NAME = AppIcon;
				ASSETCATALOG_COMPILER_LAUNCHIMAGE_NAME = LaunchImage;
				CLANG_ENABLE_MODULES = YES;
				CLANG_ENABLE_OBJC_ARC = YES;
				COPY_PHASE_STRIP = NO;
				GCC_DYNAMIC_NO_PIC = NO;
				GCC_OPTIMIZATION_LEVEL = 0;
				GCC_PRECOMPILE_PREFIX_HEADER = YES;
				GCC_PREFIX_HEADER = "Minha Loja/Minha Loja-Prefix.pch";
				GCC_THUMB_SUPPORT = NO;
				GCC_VERSION = "";
				INFOPLIST_FILE = "Minha Loja/Minha Loja-Info.plist";
				LD_RUNPATH_SEARCH_PATHS = "@executable_path/Frameworks";
				PRODUCT_NAME = "Minha Loja";
			};
			name = Debug;
		};
		1D6058950D05DD3E006BFB54 /* Release */ = {
			isa = XCBuildConfiguration;
			baseConfigurationReference = 3047A5101AB8059700498E2A /* build-release.xcconfig */;
			buildSettings = {
				ALWAYS_SEARCH_USER_PATHS = NO;
				ASSETCATALOG_COMPILER_APPICON_NAME = AppIcon;
				ASSETCATALOG_COMPILER_LAUNCHIMAGE_NAME = LaunchImage;
				CLANG_ENABLE_MODULES = YES;
				CLANG_ENABLE_OBJC_ARC = YES;
				COPY_PHASE_STRIP = YES;
				GCC_PRECOMPILE_PREFIX_HEADER = YES;
				GCC_PREFIX_HEADER = "Minha Loja/Minha Loja-Prefix.pch";
				GCC_THUMB_SUPPORT = NO;
				GCC_VERSION = "";
				INFOPLIST_FILE = "Minha Loja/Minha Loja-Info.plist";
				PRODUCT_NAME = "Minha Loja";
			};
			name = Release;
		};
		C01FCF4F08A954540054247B /* Debug */ = {
			isa = XCBuildConfiguration;
			baseConfigurationReference = 3047A5111AB8059700498E2A /* build.xcconfig */;
			buildSettings = {
				CLANG_ENABLE_MODULES = YES;
				CLANG_ENABLE_OBJC_ARC = YES;
				CLANG_WARN_BOOL_CONVERSION = YES;
				CLANG_WARN_CONSTANT_CONVERSION = YES;
				CLANG_WARN_EMPTY_BODY = YES;
				CLANG_WARN_ENUM_CONVERSION = YES;
				CLANG_WARN_INT_CONVERSION = YES;
				CLANG_WARN__DUPLICATE_METHOD_MATCH = YES;
				GCC_C_LANGUAGE_STANDARD = c99;
				GCC_THUMB_SUPPORT = NO;
				GCC_VERSION = "";
				GCC_WARN_ABOUT_RETURN_TYPE = YES;
				GCC_WARN_UNDECLARED_SELECTOR = YES;
				GCC_WARN_UNINITIALIZED_AUTOS = YES;
				GCC_WARN_UNUSED_FUNCTION = YES;
				GCC_WARN_UNUSED_VARIABLE = YES;
				ONLY_ACTIVE_ARCH = YES;
				SDKROOT = iphoneos;
				SKIP_INSTALL = NO;
			};
			name = Debug;
		};
		C01FCF5008A954540054247B /* Release */ = {
			isa = XCBuildConfiguration;
			baseConfigurationReference = 3047A5111AB8059700498E2A /* build.xcconfig */;
			buildSettings = {
				CLANG_ENABLE_MODULES = YES;
				CLANG_ENABLE_OBJC_ARC = YES;
				CLANG_WARN_BOOL_CONVERSION = YES;
				CLANG_WARN_CONSTANT_CONVERSION = YES;
				CLANG_WARN_EMPTY_BODY = YES;
				CLANG_WARN_ENUM_CONVERSION = YES;
				CLANG_WARN_INT_CONVERSION = YES;
				CLANG_WARN__DUPLICATE_METHOD_MATCH = YES;
				GCC_C_LANGUAGE_STANDARD = c99;
				GCC_THUMB_SUPPORT = NO;
				GCC_VERSION = "";
				GCC_WARN_ABOUT_RETURN_TYPE = YES;
				GCC_WARN_UNDECLARED_SELECTOR = YES;
				GCC_WARN_UNINITIALIZED_AUTOS = YES;
				GCC_WARN_UNUSED_FUNCTION = YES;
				GCC_WARN_UNUSED_VARIABLE = YES;
				SDKROOT = iphoneos;
				SKIP_INSTALL = NO;
			};
			name = Release;
		};
/* End XCBuildConfiguration section */

/* Begin XCConfigurationList section */
		1D6058960D05DD3E006BFB54 /* Build configuration list for PBXNativeTarget "Minha Loja" */ = {
			isa = XCConfigurationList;
			buildConfigurations = (
				1D6058940D05DD3E006BFB54 /* Debug */,
				1D6058950D05DD3E006BFB54 /* Release */,
			);
			defaultConfigurationIsVisible = 0;
			defaultConfigurationName = Release;
		};
		C01FCF4E08A954540054247B /* Build configuration list for PBXProject "__NON-CLI__" */ = {
			isa = XCConfigurationList;
			buildConfigurations = (
				C01FCF4F08A954540054247B /* Debug */,
				C01FCF5008A954540054247B /* Release */,
			);
			defaultConfigurationIsVisible = 0;
			defaultConfigurationName = Release;
		};
/* End XCConfigurationList section */
	};
	rootObject = 29B97313FDCFA39411CA2CEA /* Project object */;
}
